
Microsoft Visual Studio Solution File, Format Version 12.00
# Visual Studio 2017
Project("{FAE04EC0-301F-11D3-BF4B-00C04F79EFBC}") = "17610432_Mekeal_Beepath_POE", "17610432_Mekeal_Beepath_POE.csproj", "{ADB849D2-097D-BFC2-E0CD-D59720F192DD}"
EndProject
Global
	GlobalSection(SolutionConfigurationPlatforms) = preSolution
		Debug|Any CPU = Debug|Any CPU
		Release|Any CPU = Release|Any CPU
	EndGlobalSection
	GlobalSection(ProjectConfigurationPlatforms) = postSolution
		{ADB849D2-097D-BFC2-E0CD-D59720F192DD}.Debug|Any CPU.ActiveCfg = Debug|Any CPU
		{ADB849D2-097D-BFC2-E0CD-D59720F192DD}.Debug|Any CPU.Build.0 = Debug|Any CPU
		{ADB849D2-097D-BFC2-E0CD-D59720F192DD}.Release|Any CPU.ActiveCfg = Release|Any CPU
		{ADB849D2-097D-BFC2-E0CD-D59720F192DD}.Release|Any CPU.Build.0 = Release|Any CPU
	EndGlobalSection
	GlobalSection(SolutionProperties) = preSolution
		HideSolutionNode = FALSE
	EndGlobalSection
EndGlobal
